
Microsoft Visual Studio Solution File, Format Version 12.00
# Visual Studio Version 16
VisualStudioVersion = 16.0.28803.156
MinimumVisualStudioVersion = 10.0.40219.1
Project("{FAE04EC0-301F-11D3-BF4B-00C04F79EFBC}") = "UCOM", "UCOM\UCOM.csproj", "{663EAE57-EF40-48E0-AA12-399BFEE7B8BF}"
EndProject
Global
	GlobalSection(SolutionConfigurationPlatforms) = preSolution
		Debug|Any CPU = Debug|Any CPU
		Release|Any CPU = Release|Any CPU
	EndGlobalSection
	GlobalSection(ProjectConfigurationPlatforms) = postSolution
		{663EAE57-EF40-48E0-AA12-399BFEE7B8BF}.Debug|Any CPU.ActiveCfg = Debug|Any CPU
		{663EAE57-EF40-48E0-AA12-399BFEE7B8BF}.Debug|Any CPU.Build.0 = Debug|Any CPU
		{663EAE57-EF40-48E0-AA12-399BFEE7B8BF}.Release|Any CPU.ActiveCfg = Release|Any CPU
		{663EAE57-EF40-48E0-AA12-399BFEE7B8BF}.Release|Any CPU.Build.0 = Release|Any CPU
	EndGlobalSection
	GlobalSection(SolutionProperties) = preSolution
		HideSolutionNode = FALSE
	EndGlobalSection
	GlobalSection(ExtensibilityGlobals) = postSolution
		SolutionGuid = {7C3A8ADC-9330-45A6-B4A3-24A2CD1A0345}
	EndGlobalSection
EndGlobal
